
Microsoft Visual Studio Solution File, Format Version 12.00
# Visual Studio Version 17
VisualStudioVersion = 17.12.35527.113
MinimumVisualStudioVersion = 10.0.40219.1
Project("{FAE04EC0-301F-11D3-BF4B-00C04F79EFBC}") = "DalFacade", "DalFacade\DalFacade.csproj", "{17F72C08-6845-4951-816B-7C721104FFD2}"
EndProject
Project("{FAE04EC0-301F-11D3-BF4B-00C04F79EFBC}") = "DalList", "DalList\DalList.csproj", "{D13B9614-D4BC-4FBB-9D90-DC5F80329A1F}"
EndProject
Project("{FAE04EC0-301F-11D3-BF4B-00C04F79EFBC}") = "DalTest", "DalTest\DalTest.csproj", "{FA6EA477-8AA1-4D3B-98DE-0A5F6CBB86DA}"
EndProject
Project("{FAE04EC0-301F-11D3-BF4B-00C04F79EFBC}") = "DalXml", "DalXml\DalXml.csproj", "{3EB4A7FF-F569-496A-B1F5-53BF076FAC05}"
EndProject
Project("{2150E333-8FDC-42A3-9474-1A3956D46DE8}") = "xml", "xml", "{D4CF9976-6EDF-45C0-AD2E-126D2059841A}"
	ProjectSection(SolutionItems) = preProject
		xml\assignments.xml = xml\assignments.xml
		xml\calls.xml = xml\calls.xml
		xml\dal-config.xml = xml\dal-config.xml
		xml\data-config.xml = xml\data-config.xml
		xml\volunteers.xml = xml\volunteers.xml
	EndProjectSection
EndProject
Project("{FAE04EC0-301F-11D3-BF4B-00C04F79EFBC}") = "BL", "BL\BL.csproj", "{26E48D72-1442-492F-838D-62FE8A98FB85}"
EndProject
Project("{FAE04EC0-301F-11D3-BF4B-00C04F79EFBC}") = "BITest", "BITest\BITest.csproj", "{DF8642F4-A938-46CF-AFA0-F2CD3A2550F9}"
EndProject
Project("{FAE04EC0-301F-11D3-BF4B-00C04F79EFBC}") = "PL", "PL\PL.csproj", "{69C25ACF-1EEC-4695-B9A6-D2B48A9034BC}"
EndProject
Global
	GlobalSection(SolutionConfigurationPlatforms) = preSolution
		Debug|Any CPU = Debug|Any CPU
		Release|Any CPU = Release|Any CPU
	EndGlobalSection
	GlobalSection(ProjectConfigurationPlatforms) = postSolution
		{17F72C08-6845-4951-816B-7C721104FFD2}.Debug|Any CPU.ActiveCfg = Debug|Any CPU
		{17F72C08-6845-4951-816B-7C721104FFD2}.Debug|Any CPU.Build.0 = Debug|Any CPU
		{17F72C08-6845-4951-816B-7C721104FFD2}.Release|Any CPU.ActiveCfg = Release|Any CPU
		{17F72C08-6845-4951-816B-7C721104FFD2}.Release|Any CPU.Build.0 = Release|Any CPU
		{D13B9614-D4BC-4FBB-9D90-DC5F80329A1F}.Debug|Any CPU.ActiveCfg = Debug|Any CPU
		{D13B9614-D4BC-4FBB-9D90-DC5F80329A1F}.Debug|Any CPU.Build.0 = Debug|Any CPU
		{D13B9614-D4BC-4FBB-9D90-DC5F80329A1F}.Release|Any CPU.ActiveCfg = Release|Any CPU
		{D13B9614-D4BC-4FBB-9D90-DC5F80329A1F}.Release|Any CPU.Build.0 = Release|Any CPU
		{FA6EA477-8AA1-4D3B-98DE-0A5F6CBB86DA}.Debug|Any CPU.ActiveCfg = Debug|Any CPU
		{FA6EA477-8AA1-4D3B-98DE-0A5F6CBB86DA}.Debug|Any CPU.Build.0 = Debug|Any CPU
		{FA6EA477-8AA1-4D3B-98DE-0A5F6CBB86DA}.Release|Any CPU.ActiveCfg = Release|Any CPU
		{FA6EA477-8AA1-4D3B-98DE-0A5F6CBB86DA}.Release|Any CPU.Build.0 = Release|Any CPU
		{3EB4A7FF-F569-496A-B1F5-53BF076FAC05}.Debug|Any CPU.ActiveCfg = Debug|Any CPU
		{3EB4A7FF-F569-496A-B1F5-53BF076FAC05}.Debug|Any CPU.Build.0 = Debug|Any CPU
		{3EB4A7FF-F569-496A-B1F5-53BF076FAC05}.Release|Any CPU.ActiveCfg = Release|Any CPU
		{3EB4A7FF-F569-496A-B1F5-53BF076FAC05}.Release|Any CPU.Build.0 = Release|Any CPU
		{26E48D72-1442-492F-838D-62FE8A98FB85}.Debug|Any CPU.ActiveCfg = Debug|Any CPU
		{26E48D72-1442-492F-838D-62FE8A98FB85}.Debug|Any CPU.Build.0 = Debug|Any CPU
		{26E48D72-1442-492F-838D-62FE8A98FB85}.Release|Any CPU.ActiveCfg = Release|Any CPU
		{26E48D72-1442-492F-838D-62FE8A98FB85}.Release|Any CPU.Build.0 = Release|Any CPU
		{DF8642F4-A938-46CF-AFA0-F2CD3A2550F9}.Debug|Any CPU.ActiveCfg = Debug|Any CPU
		{DF8642F4-A938-46CF-AFA0-F2CD3A2550F9}.Debug|Any CPU.Build.0 = Debug|Any CPU
		{DF8642F4-A938-46CF-AFA0-F2CD3A2550F9}.Release|Any CPU.ActiveCfg = Release|Any CPU
		{DF8642F4-A938-46CF-AFA0-F2CD3A2550F9}.Release|Any CPU.Build.0 = Release|Any CPU
		{69C25ACF-1EEC-4695-B9A6-D2B48A9034BC}.Debug|Any CPU.ActiveCfg = Debug|Any CPU
		{69C25ACF-1EEC-4695-B9A6-D2B48A9034BC}.Debug|Any CPU.Build.0 = Debug|Any CPU
		{69C25ACF-1EEC-4695-B9A6-D2B48A9034BC}.Release|Any CPU.ActiveCfg = Release|Any CPU
		{69C25ACF-1EEC-4695-B9A6-D2B48A9034BC}.Release|Any CPU.Build.0 = Release|Any CPU
	EndGlobalSection
	GlobalSection(SolutionProperties) = preSolution
		HideSolutionNode = FALSE
	EndGlobalSection
	GlobalSection(ExtensibilityGlobals) = postSolution
		SolutionGuid = {B54958F9-2F09-4199-8019-FB99F13236D1}
	EndGlobalSection
EndGlobal
