
Microsoft Visual Studio Solution File, Format Version 12.00
# Visual Studio Version 17
VisualStudioVersion = 17.12.35527.113
MinimumVisualStudioVersion = 10.0.40219.1
Project("{FAE04EC0-301F-11D3-BF4B-00C04F79EFBC}") = "dotNet5785_4034_2081", "dotNet5785_4034_2081\dotNet5785_4034_2081.csproj", "{4BA2776D-3CE3-4BF8-AF7A-B44F4C6F9D78}"
EndProject
Global
	GlobalSection(SolutionConfigurationPlatforms) = preSolution
		Debug|Any CPU = Debug|Any CPU
		Release|Any CPU = Release|Any CPU
	EndGlobalSection
	GlobalSection(ProjectConfigurationPlatforms) = postSolution
		{4BA2776D-3CE3-4BF8-AF7A-B44F4C6F9D78}.Debug|Any CPU.ActiveCfg = Debug|Any CPU
		{4BA2776D-3CE3-4BF8-AF7A-B44F4C6F9D78}.Debug|Any CPU.Build.0 = Debug|Any CPU
		{4BA2776D-3CE3-4BF8-AF7A-B44F4C6F9D78}.Release|Any CPU.ActiveCfg = Release|Any CPU
		{4BA2776D-3CE3-4BF8-AF7A-B44F4C6F9D78}.Release|Any CPU.Build.0 = Release|Any CPU
	EndGlobalSection
	GlobalSection(SolutionProperties) = preSolution
		HideSolutionNode = FALSE
	EndGlobalSection
	GlobalSection(ExtensibilityGlobals) = postSolution
		SolutionGuid = {B54958F9-2F09-4199-8019-FB99F13236D1}
	EndGlobalSection
EndGlobal
